
Microsoft Visual Studio Solution File, Format Version 10.00
# Visual Studio 2008
Project("{8BC9CEB8-8B4A-11D0-8D11-00A0C91BC942}") = "WindowsAnimationManagerWithTimer", "WindowsAnimationManagerWithTimer\WindowsAnimationManagerWithTimer.vcproj", "{9E4EBB1E-F2D3-4074-A827-EEA3E6104ACA}"
EndProject
Global
	GlobalSection(SolutionConfigurationPlatforms) = preSolution
		Debug|Win32 = Debug|Win32
		Release|Win32 = Release|Win32
	EndGlobalSection
	GlobalSection(ProjectConfigurationPlatforms) = postSolution
		{9E4EBB1E-F2D3-4074-A827-EEA3E6104ACA}.Debug|Win32.ActiveCfg = Debug|Win32
		{9E4EBB1E-F2D3-4074-A827-EEA3E6104ACA}.Debug|Win32.Build.0 = Debug|Win32
		{9E4EBB1E-F2D3-4074-A827-EEA3E6104ACA}.Release|Win32.ActiveCfg = Release|Win32
		{9E4EBB1E-F2D3-4074-A827-EEA3E6104ACA}.Release|Win32.Build.0 = Release|Win32
	EndGlobalSection
	GlobalSection(SolutionProperties) = preSolution
		HideSolutionNode = FALSE
	EndGlobalSection
EndGlobal
